
Microsoft Visual Studio Solution File, Format Version 12.00
# Visual Studio 15
VisualStudioVersion = 15.0.28307.271
MinimumVisualStudioVersion = 10.0.40219.1
Project("{FAE04EC0-301F-11D3-BF4B-00C04F79EFBC}") = "WireguardPlugin", "WireguardPlugin\WireguardPlugin.csproj", "{7B3539B9-E929-4398-B690-AAE135FCD9DD}"
EndProject
Project("{FAE04EC0-301F-11D3-BF4B-00C04F79EFBC}") = "WireguardPluginTask", "WireguardPluginTask\WireguardPluginTask.csproj", "{D8AE7099-EA78-4896-A0CD-9E995331809D}"
EndProject
Project("{2150E333-8FDC-42A3-9474-1A3956D46DE8}") = "Solution Items", "Solution Items", "{224D613E-2DBF-4BA1-9F02-75E67B06EDB5}"
EndProject
Global
	GlobalSection(SolutionConfigurationPlatforms) = preSolution
		Debug|Any CPU = Debug|Any CPU
		Debug|ARM = Debug|ARM
		Debug|ARM64 = Debug|ARM64
		Debug|x64 = Debug|x64
		Debug|x86 = Debug|x86
		Release|Any CPU = Release|Any CPU
		Release|ARM = Release|ARM
		Release|ARM64 = Release|ARM64
		Release|x64 = Release|x64
		Release|x86 = Release|x86
	EndGlobalSection
	GlobalSection(ProjectConfigurationPlatforms) = postSolution
		{7B3539B9-E929-4398-B690-AAE135FCD9DD}.Debug|Any CPU.ActiveCfg = Debug|x86
		{7B3539B9-E929-4398-B690-AAE135FCD9DD}.Debug|ARM.ActiveCfg = Debug|ARM
		{7B3539B9-E929-4398-B690-AAE135FCD9DD}.Debug|ARM.Build.0 = Debug|ARM
		{7B3539B9-E929-4398-B690-AAE135FCD9DD}.Debug|ARM.Deploy.0 = Debug|ARM
		{7B3539B9-E929-4398-B690-AAE135FCD9DD}.Debug|ARM64.ActiveCfg = Debug|ARM64
		{7B3539B9-E929-4398-B690-AAE135FCD9DD}.Debug|ARM64.Build.0 = Debug|ARM64
		{7B3539B9-E929-4398-B690-AAE135FCD9DD}.Debug|ARM64.Deploy.0 = Debug|ARM64
		{7B3539B9-E929-4398-B690-AAE135FCD9DD}.Debug|x64.ActiveCfg = Debug|x64
		{7B3539B9-E929-4398-B690-AAE135FCD9DD}.Debug|x64.Build.0 = Debug|x64
		{7B3539B9-E929-4398-B690-AAE135FCD9DD}.Debug|x64.Deploy.0 = Debug|x64
		{7B3539B9-E929-4398-B690-AAE135FCD9DD}.Debug|x86.ActiveCfg = Debug|x86
		{7B3539B9-E929-4398-B690-AAE135FCD9DD}.Debug|x86.Build.0 = Debug|x86
		{7B3539B9-E929-4398-B690-AAE135FCD9DD}.Debug|x86.Deploy.0 = Debug|x86
		{7B3539B9-E929-4398-B690-AAE135FCD9DD}.Release|Any CPU.ActiveCfg = Release|x86
		{7B3539B9-E929-4398-B690-AAE135FCD9DD}.Release|ARM.ActiveCfg = Release|ARM
		{7B3539B9-E929-4398-B690-AAE135FCD9DD}.Release|ARM.Build.0 = Release|ARM
		{7B3539B9-E929-4398-B690-AAE135FCD9DD}.Release|ARM.Deploy.0 = Release|ARM
		{7B3539B9-E929-4398-B690-AAE135FCD9DD}.Release|ARM64.ActiveCfg = Release|ARM64
		{7B3539B9-E929-4398-B690-AAE135FCD9DD}.Release|ARM64.Build.0 = Release|ARM64
		{7B3539B9-E929-4398-B690-AAE135FCD9DD}.Release|ARM64.Deploy.0 = Release|ARM64
		{7B3539B9-E929-4398-B690-AAE135FCD9DD}.Release|x64.ActiveCfg = Release|x64
		{7B3539B9-E929-4398-B690-AAE135FCD9DD}.Release|x64.Build.0 = Release|x64
		{7B3539B9-E929-4398-B690-AAE135FCD9DD}.Release|x64.Deploy.0 = Release|x64
		{7B3539B9-E929-4398-B690-AAE135FCD9DD}.Release|x86.ActiveCfg = Release|x86
		{7B3539B9-E929-4398-B690-AAE135FCD9DD}.Release|x86.Build.0 = Release|x86
		{7B3539B9-E929-4398-B690-AAE135FCD9DD}.Release|x86.Deploy.0 = Release|x86
		{D8AE7099-EA78-4896-A0CD-9E995331809D}.Debug|Any CPU.ActiveCfg = Debug|Any CPU
		{D8AE7099-EA78-4896-A0CD-9E995331809D}.Debug|Any CPU.Build.0 = Debug|Any CPU
		{D8AE7099-EA78-4896-A0CD-9E995331809D}.Debug|ARM.ActiveCfg = Debug|ARM
		{D8AE7099-EA78-4896-A0CD-9E995331809D}.Debug|ARM.Build.0 = Debug|ARM
		{D8AE7099-EA78-4896-A0CD-9E995331809D}.Debug|ARM64.ActiveCfg = Debug|ARM64
		{D8AE7099-EA78-4896-A0CD-9E995331809D}.Debug|ARM64.Build.0 = Debug|ARM64
		{D8AE7099-EA78-4896-A0CD-9E995331809D}.Debug|x64.ActiveCfg = Debug|x64
		{D8AE7099-EA78-4896-A0CD-9E995331809D}.Debug|x64.Build.0 = Debug|x64
		{D8AE7099-EA78-4896-A0CD-9E995331809D}.Debug|x86.ActiveCfg = Debug|x86
		{D8AE7099-EA78-4896-A0CD-9E995331809D}.Debug|x86.Build.0 = Debug|x86
		{D8AE7099-EA78-4896-A0CD-9E995331809D}.Release|Any CPU.ActiveCfg = Release|Any CPU
		{D8AE7099-EA78-4896-A0CD-9E995331809D}.Release|Any CPU.Build.0 = Release|Any CPU
		{D8AE7099-EA78-4896-A0CD-9E995331809D}.Release|ARM.ActiveCfg = Release|ARM
		{D8AE7099-EA78-4896-A0CD-9E995331809D}.Release|ARM.Build.0 = Release|ARM
		{D8AE7099-EA78-4896-A0CD-9E995331809D}.Release|ARM64.ActiveCfg = Release|ARM64
		{D8AE7099-EA78-4896-A0CD-9E995331809D}.Release|ARM64.Build.0 = Release|ARM64
		{D8AE7099-EA78-4896-A0CD-9E995331809D}.Release|x64.ActiveCfg = Release|x64
		{D8AE7099-EA78-4896-A0CD-9E995331809D}.Release|x64.Build.0 = Release|x64
		{D8AE7099-EA78-4896-A0CD-9E995331809D}.Release|x86.ActiveCfg = Release|x86
		{D8AE7099-EA78-4896-A0CD-9E995331809D}.Release|x86.Build.0 = Release|x86
	EndGlobalSection
	GlobalSection(SolutionProperties) = preSolution
		HideSolutionNode = FALSE
	EndGlobalSection
	GlobalSection(ExtensibilityGlobals) = postSolution
		SolutionGuid = {B22ABB5D-8163-4998-804B-14458A8C8428}
	EndGlobalSection
EndGlobal
